{
  "version": "5",
  "specifiers": {
    "jsr:@sail/xlsx-handlebars@0.1.3": "0.1.3"
  },
  "jsr": {
    "@sail/xlsx-handlebars@0.1.3": {
      "integrity": "7d3d83ae49a0409ce9fbca8b14b6b370f0f69a3ff6da62ccbfa80626aab4bbaa"
    }
  },
  "workspace": {
    "dependencies": [
      "jsr:@sail/xlsx-handlebars@0.1.3"
    ]
  }
}
