{
  "name": "npm_test",
  "version": "1.0.0",
  "lockfileVersion": 3,
  "requires": true,
  "packages": {
    "": {
      "name": "npm_test",
      "version": "1.0.0",
      "license": "ISC",
      "dependencies": {
        "xlsx-handlebars": "0.1.3"
      }
    },
    "node_modules/xlsx-handlebars": {
      "version": "0.1.3",
      "resolved": "https://registry.npmjs.org/xlsx-handlebars/-/xlsx-handlebars-0.1.3.tgz",
      "integrity": "sha512-5HLu3ciulBGM7XNTXaYuTZ8zEVmpBgocJseFjZaMBtFt96xoLKNyqJj8XaRNlA0X9XZhsqwbIrbVvNgEMvp13w==",
      "license": "MIT"
    }
  }
}
