{
  "name": "npm_test",
  "version": "1.0.0",
  "lockfileVersion": 3,
  "requires": true,
  "packages": {
    "": {
      "name": "npm_test",
      "version": "1.0.0",
      "license": "ISC",
      "dependencies": {
        "xlsx-handlebars": "0.2.0"
      }
    },
    "node_modules/xlsx-handlebars": {
      "version": "0.2.0",
      "resolved": "https://registry.npmjs.org/xlsx-handlebars/-/xlsx-handlebars-0.2.0.tgz",
      "integrity": "sha512-vtgCz2PFPIR82vPKLBcaizWR6Tj3C6TAZ87PQ2zJLtSBLFyliz5o7SzlZY2pAYQaxZPilFuhnFbvR6QrNEaMpA==",
      "license": "MIT"
    }
  }
}
