{
  "name": "npm_test",
  "version": "1.0.0",
  "lockfileVersion": 3,
  "requires": true,
  "packages": {
    "": {
      "name": "npm_test",
      "version": "1.0.0",
      "license": "ISC",
      "dependencies": {
        "xlsx-handlebars": "0.1.2"
      }
    },
    "node_modules/xlsx-handlebars": {
      "version": "0.1.2",
      "resolved": "https://registry.npmjs.org/xlsx-handlebars/-/xlsx-handlebars-0.1.2.tgz",
      "integrity": "sha512-hJ27RS+R4dhhjaRbT5kyByGQZUYV8j3xXLIPvOo8gq828JyfgQ/uwqkT1lkgSPeBb2mi5wsSJZsWwNnDNNR1IA==",
      "license": "MIT"
    }
  }
}
